{
  "name": "cashier-server-acceptance",
  "lockfileVersion": 3,
  "requires": true,
  "packages": {
    "": {
      "name": "cashier-server-acceptance",
      "dependencies": {
        "@rustledger/wasm": "0.14.1"
      }
    },
    "node_modules/@rustledger/wasm": {
      "version": "0.14.1",
      "resolved": "https://registry.npmjs.org/@rustledger/wasm/-/wasm-0.14.1.tgz",
      "integrity": "sha512-Z8LwNBX9ek7Bc2yffGg9HBAIhjl49wcD43ifSMyvlWSYCJXMJjNCq1sUEy6Wk6lL52sj3YJmwpR9PuTMJUVkhA=="
    }
  }
}
